
Microsoft Visual Studio Solution File, Format Version 12.00
# Visual Studio Version 17
VisualStudioVersion = 17.0.32112.339
MinimumVisualStudioVersion = 10.0.40219.1
Project("{FAE04EC0-301F-11D3-BF4B-00C04F79EFBC}") = "001_HelloWorld", "001_HelloWorld\001_HelloWorld.csproj", "{E1E8B29F-6571-4B25-879B-A0DEA921D50E}"
EndProject
Project("{FAE04EC0-301F-11D3-BF4B-00C04F79EFBC}") = "002_HelloWorld2", "002_HelloWorld2\002_HelloWorld2.csproj", "{FB501AA9-2A76-46F7-93CC-D2F001028E3C}"
EndProject
Project("{FAE04EC0-301F-11D3-BF4B-00C04F79EFBC}") = "003_HelloWorld3", "003_HelloWorld3\003_HelloWorld3.csproj", "{4932CE6A-E93B-43F9-BF2E-61EFCAD8C345}"
EndProject
Project("{FAE04EC0-301F-11D3-BF4B-00C04F79EFBC}") = "004_Check", "004_Check\004_Check.csproj", "{B863DC25-2B50-4EFE-B6D0-0D73937C8101}"
EndProject
Project("{FAE04EC0-301F-11D3-BF4B-00C04F79EFBC}") = "005_Check", "005_Check\005_Check.csproj", "{73D34646-E2F1-4F08-9390-82447408246F}"
EndProject
Project("{FAE04EC0-301F-11D3-BF4B-00C04F79EFBC}") = "006_Variable", "006_Variable\006_Variable.csproj", "{4ADB2F71-4710-42AD-8979-90CF1E5EFFF4}"
EndProject
Project("{FAE04EC0-301F-11D3-BF4B-00C04F79EFBC}") = "007_Variable2", "007_Variable2\007_Variable2.csproj", "{9B22B12C-7C0A-409E-A6DD-4DB6B7DBF717}"
EndProject
Project("{FAE04EC0-301F-11D3-BF4B-00C04F79EFBC}") = "008_Data1", "008_Data1\008_Data1.csproj", "{6EAC2E98-39C8-437B-BB79-18A384892C84}"
EndProject
Project("{FAE04EC0-301F-11D3-BF4B-00C04F79EFBC}") = "009_Data2", "009_Data2\009_Data2.csproj", "{2446657E-F3F6-4C9B-8147-0929AA325E7D}"
EndProject
Project("{FAE04EC0-301F-11D3-BF4B-00C04F79EFBC}") = "010_Data3", "010_Data3\010_Data3.csproj", "{C2260939-3950-4F43-92B8-8EFAC59F690A}"
EndProject
Project("{FAE04EC0-301F-11D3-BF4B-00C04F79EFBC}") = "011_Data4", "011_Data4\011_Data4.csproj", "{5923AE0D-96E7-4A15-BA54-830568318A67}"
EndProject
Project("{FAE04EC0-301F-11D3-BF4B-00C04F79EFBC}") = "012_Data5", "012_Data5\012_Data5.csproj", "{9CAD56A9-E9D9-4113-AF4C-7DEE5405A07D}"
EndProject
Project("{FAE04EC0-301F-11D3-BF4B-00C04F79EFBC}") = "013_Data6", "013_Data6\013_Data6.csproj", "{D89A8188-F584-47A9-A751-236F1697C4D3}"
EndProject
Project("{FAE04EC0-301F-11D3-BF4B-00C04F79EFBC}") = "014_Data7", "014_Data7\014_Data7.csproj", "{BB2901EF-7E3C-4439-ADE2-0EB5A18219DE}"
EndProject
Project("{FAE04EC0-301F-11D3-BF4B-00C04F79EFBC}") = "015_Data8", "015_Data8\015_Data8.csproj", "{6684EB84-4A3F-466C-BD0C-74B7D2003783}"
EndProject
Project("{FAE04EC0-301F-11D3-BF4B-00C04F79EFBC}") = "016_String", "016_String\016_String.csproj", "{11B7C4FD-ED14-4CB4-9E27-A12D37A01D63}"
EndProject
Project("{FAE04EC0-301F-11D3-BF4B-00C04F79EFBC}") = "017_Data_bool", "017_Data_bool\017_Data_bool.csproj", "{E25FB85D-E2E3-46EA-9338-3B93F8A2680A}"
EndProject
Project("{FAE04EC0-301F-11D3-BF4B-00C04F79EFBC}") = "018_Data_object", "018_Data_object\018_Data_object.csproj", "{98337AE7-287F-4BBA-B7D4-4719C7D5C2EA}"
EndProject
Project("{FAE04EC0-301F-11D3-BF4B-00C04F79EFBC}") = "019_Data_enum", "019_Data_enum\019_Data_enum.csproj", "{920153CF-3658-4160-AF01-40E342471B93}"
EndProject
Project("{FAE04EC0-301F-11D3-BF4B-00C04F79EFBC}") = "020_Data_eunm2", "020_Data_eunm2\020_Data_eunm2.csproj", "{B28742F3-088E-4733-868C-9820B8496425}"
EndProject
Project("{FAE04EC0-301F-11D3-BF4B-00C04F79EFBC}") = "021_Data_nullable", "021_Data_nullable\021_Data_nullable.csproj", "{B468D695-8041-42B3-AF44-816BCB887ABF}"
EndProject
Project("{FAE04EC0-301F-11D3-BF4B-00C04F79EFBC}") = "022_Data_var", "022_Data_var\022_Data_var.csproj", "{C05A8CAB-A70F-4488-99FE-FFF67D60F84D}"
EndProject
Project("{FAE04EC0-301F-11D3-BF4B-00C04F79EFBC}") = "023_Date_const", "023_Date_const\023_Date_const.csproj", "{C1348BCA-CCDE-492F-831B-C8E86CC0EC0C}"
EndProject
Project("{FAE04EC0-301F-11D3-BF4B-00C04F79EFBC}") = "024_Data_cast", "024_Data_cast\024_Data_cast.csproj", "{7425C3CA-090A-44F6-9EF0-8E1A6C48B545}"
EndProject
Project("{FAE04EC0-301F-11D3-BF4B-00C04F79EFBC}") = "025_Date_ToString", "025_Date_ToString\025_Date_ToString.csproj", "{F82A5829-5B3F-4588-93EA-20106FE4DFFD}"
EndProject
Project("{FAE04EC0-301F-11D3-BF4B-00C04F79EFBC}") = "026_Data_Parse", "026_Data_Parse\026_Data_Parse.csproj", "{53EFFC60-78BD-45E0-B814-B5B5CE1D5E5C}"
EndProject
Project("{FAE04EC0-301F-11D3-BF4B-00C04F79EFBC}") = "027_Data_Convert", "027_Data_Convert\027_Data_Convert.csproj", "{C2CABB5D-E19E-4F79-838A-55409C04401D}"
EndProject
Project("{FAE04EC0-301F-11D3-BF4B-00C04F79EFBC}") = "028_Data_Reference", "028_Data_Reference\028_Data_Reference.csproj", "{F5698CA6-424E-40E4-BF26-D2A85D9C7069}"
EndProject
Project("{FAE04EC0-301F-11D3-BF4B-00C04F79EFBC}") = "029_Data_boxing", "029_Data_boxing\029_Data_boxing.csproj", "{8C8F95D3-5464-4022-9944-E607BA5E45F2}"
EndProject
Project("{FAE04EC0-301F-11D3-BF4B-00C04F79EFBC}") = "030_ReadLine", "030_ReadLine\030_ReadLine.csproj", "{A2528229-DAAF-494E-AEF7-4AD794856438}"
EndProject
Project("{FAE04EC0-301F-11D3-BF4B-00C04F79EFBC}") = "031_ReadLine2", "031_ReadLine2\031_ReadLine2.csproj", "{00ABB174-0C7C-4E36-90B5-A5DEE68E6793}"
EndProject
Project("{FAE04EC0-301F-11D3-BF4B-00C04F79EFBC}") = "034_Operator1", "034_Operator1\034_Operator1.csproj", "{5DC177C2-5BE6-49E7-AC91-651DB13975DD}"
EndProject
Project("{FAE04EC0-301F-11D3-BF4B-00C04F79EFBC}") = "036_Operator3", "036_Operator3\036_Operator3.csproj", "{27AB10A0-E3C2-4D15-9A18-1B012B18DF87}"
EndProject
Project("{FAE04EC0-301F-11D3-BF4B-00C04F79EFBC}") = "036_01_Operator3", "036_01_Operator3\036_01_Operator3.csproj", "{00DE4517-B6C4-4F05-8AA3-469DBAA65CB6}"
EndProject
Project("{FAE04EC0-301F-11D3-BF4B-00C04F79EFBC}") = "037_Operator4", "037_Operator4\037_Operator4.csproj", "{FF29BFCE-9E7B-41E6-B532-4114BC6DC471}"
EndProject
Project("{FAE04EC0-301F-11D3-BF4B-00C04F79EFBC}") = "038_Operator5", "038_Operator5\038_Operator5.csproj", "{7316A5C3-8705-4943-BC72-16E3286D87DC}"
EndProject
Project("{FAE04EC0-301F-11D3-BF4B-00C04F79EFBC}") = "039_Operator6", "039_Operator6\039_Operator6.csproj", "{81983251-84F6-4473-AB7C-1AD5F5B6B4E6}"
EndProject
Project("{FAE04EC0-301F-11D3-BF4B-00C04F79EFBC}") = "040_Operator_Bit", "040_Operator_Bit\040_Operator_Bit.csproj", "{BBAFD9CD-C575-497F-B167-41C073A98AE1}"
EndProject
Project("{FAE04EC0-301F-11D3-BF4B-00C04F79EFBC}") = "041_Operator_Null", "041_Operator_Null\041_Operator_Null.csproj", "{671B0352-8BB2-4934-AB97-B64C61209967}"
EndProject
Project("{FAE04EC0-301F-11D3-BF4B-00C04F79EFBC}") = "042_Operator_Branch", "042_Operator_Branch\042_Operator_Branch.csproj", "{BF3DFCCE-10B0-4A5A-8405-D1D8D277912D}"
EndProject
Project("{FAE04EC0-301F-11D3-BF4B-00C04F79EFBC}") = "043_Operator_Branch2", "043_Operator_Branch2\043_Operator_Branch2.csproj", "{2BE94CCF-6A7C-4637-8213-6B27B98EEEC8}"
EndProject
Project("{FAE04EC0-301F-11D3-BF4B-00C04F79EFBC}") = "043_Operator_branch3", "043_Operator_branch3\043_Operator_branch3.csproj", "{01C9AC25-7172-4751-A2B5-BAA826B273CF}"
EndProject
Project("{FAE04EC0-301F-11D3-BF4B-00C04F79EFBC}") = "045_Operator_Switch", "045_Operator_Switch\045_Operator_Switch.csproj", "{C2EA88EE-C064-403D-B1E5-E103219DE9E8}"
EndProject
Project("{FAE04EC0-301F-11D3-BF4B-00C04F79EFBC}") = "047_Operator_While", "047_Operator_While\047_Operator_While.csproj", "{DC8A0545-7733-40E3-99C6-C6F6072B281A}"
EndProject
Project("{FAE04EC0-301F-11D3-BF4B-00C04F79EFBC}") = "049_Operator_For", "049_Operator_For\049_Operator_For.csproj", "{363ED77D-1395-4B6F-935C-9B5CBAA0A86E}"
EndProject
Project("{FAE04EC0-301F-11D3-BF4B-00C04F79EFBC}") = "052_Operator_break", "052_Operator_break\052_Operator_break.csproj", "{7C7DADA4-35EE-4448-BFE7-B1D6F127B8D0}"
EndProject
Project("{FAE04EC0-301F-11D3-BF4B-00C04F79EFBC}") = "053_Operator_continue", "053_Operator_continue\053_Operator_continue.csproj", "{5A7504C6-EB84-4CB7-827C-3259CE806E7C}"
EndProject
Project("{FAE04EC0-301F-11D3-BF4B-00C04F79EFBC}") = "055_Check", "055_Check\055_Check.csproj", "{58519367-66BA-47EC-B08F-80FF85C6E41C}"
EndProject
Project("{FAE04EC0-301F-11D3-BF4B-00C04F79EFBC}") = "056_Check", "056_Check\056_Check.csproj", "{ECE782D2-4C96-4997-B002-4B665FA4D9CE}"
EndProject
Project("{FAE04EC0-301F-11D3-BF4B-00C04F79EFBC}") = "057_Check", "057_Check\057_Check.csproj", "{4CB92CDA-9471-4289-B889-609CD5CDFB99}"
EndProject
Project("{FAE04EC0-301F-11D3-BF4B-00C04F79EFBC}") = "CheckPoint01", "CheckPoint01\CheckPoint01.csproj", "{D9265339-6FB1-4AE2-96AF-6FDB4D1E12B7}"
EndProject
Project("{FAE04EC0-301F-11D3-BF4B-00C04F79EFBC}") = "059_Func2", "059_Func2\059_Func2.csproj", "{39EE0E4B-D180-40F7-A817-A48E2BE6367C}"
EndProject
Project("{FAE04EC0-301F-11D3-BF4B-00C04F79EFBC}") = "062_FuncSwap", "062_FuncSwap\062_FuncSwap.csproj", "{A7FF2338-EB86-4184-B49D-10A8052CC90A}"
EndProject
Project("{FAE04EC0-301F-11D3-BF4B-00C04F79EFBC}") = "063_Func_out", "063_Func_out\063_Func_out.csproj", "{B4FFD495-BA18-4579-BD7C-CFF518D0A93B}"
EndProject
Project("{FAE04EC0-301F-11D3-BF4B-00C04F79EFBC}") = "064_Func_default", "064_Func_default\064_Func_default.csproj", "{C347D172-52DD-4C42-B22C-07F8AEF5B5DB}"
EndProject
Project("{FAE04EC0-301F-11D3-BF4B-00C04F79EFBC}") = "065_Func_Overloading", "065_Func_Overloading\065_Func_Overloading.csproj", "{2DB81118-F81E-4A1D-B7D7-8EB785B0D2AA}"
EndProject
Project("{FAE04EC0-301F-11D3-BF4B-00C04F79EFBC}") = "066_Func_params", "066_Func_params\066_Func_params.csproj", "{D94414A8-E730-4D8B-982C-F0B4B34F422D}"
EndProject
Project("{FAE04EC0-301F-11D3-BF4B-00C04F79EFBC}") = "067_Check", "067_Check\067_Check.csproj", "{8C8F621F-DA5E-4A23-9B8F-61B3071CCD89}"
EndProject
Project("{FAE04EC0-301F-11D3-BF4B-00C04F79EFBC}") = "CheckPoint02", "CheckPoint02\CheckPoint02.csproj", "{0F03E584-007A-4020-845D-584DF1DFB000}"
EndProject
Project("{FAE04EC0-301F-11D3-BF4B-00C04F79EFBC}") = "068_Array_Init", "068_Array_Init\068_Array_Init.csproj", "{AF0337F4-FCC3-420E-8641-E1797FBE6ABB}"
EndProject
Project("{FAE04EC0-301F-11D3-BF4B-00C04F79EFBC}") = "069_Array_Init2", "069_Array_Init2\069_Array_Init2.csproj", "{2B70D830-5A3C-4B58-8857-B91ADDE76BF1}"
EndProject
Project("{FAE04EC0-301F-11D3-BF4B-00C04F79EFBC}") = "069_Arry_Multi", "069_Arry_Multi\069_Arry_Multi.csproj", "{D905CE77-1AFF-4AFC-BE41-29743A6EA465}"
EndProject
Project("{FAE04EC0-301F-11D3-BF4B-00C04F79EFBC}") = "073_Array_Func2", "073_Array_Func2\073_Array_Func2.csproj", "{E8BBD4CD-EF43-4D6D-B75F-044B34C47AB7}"
EndProject
Project("{FAE04EC0-301F-11D3-BF4B-00C04F79EFBC}") = "075_Check", "075_Check\075_Check.csproj", "{687E1D8E-C85F-4766-816E-44931434957F}"
EndProject
Project("{FAE04EC0-301F-11D3-BF4B-00C04F79EFBC}") = "076_Check", "076_Check\076_Check.csproj", "{F246D23B-E170-4D4C-A7C7-5A3649A98C00}"
EndProject
Project("{FAE04EC0-301F-11D3-BF4B-00C04F79EFBC}") = "CheckPoint03", "CheckPoint03\CheckPoint03.csproj", "{0D4C7837-2BE9-4427-B412-CA86741797E4}"
EndProject
Project("{FAE04EC0-301F-11D3-BF4B-00C04F79EFBC}") = "077_class_Point", "077_class_Point\077_class_Point.csproj", "{99E3D72F-C19C-4CD0-A250-91E07D616DFF}"
EndProject
Project("{FAE04EC0-301F-11D3-BF4B-00C04F79EFBC}") = "078_Constructor_Point", "078_Constructor_Point\078_Constructor_Point.csproj", "{8CDF17BA-D5FC-4AEB-BA43-8F6349DCDA8F}"
EndProject
Project("{FAE04EC0-301F-11D3-BF4B-00C04F79EFBC}") = "079_this_AA", "079_this_AA\079_this_AA.csproj", "{1C14F088-F7DD-494F-B10F-51C0C017D016}"
EndProject
Project("{FAE04EC0-301F-11D3-BF4B-00C04F79EFBC}") = "080_static", "080_static\080_static.csproj", "{E94536B2-830E-4BD9-9035-FB8C21DA3A0E}"
EndProject
Project("{FAE04EC0-301F-11D3-BF4B-00C04F79EFBC}") = "081_class_paramter", "081_class_paramter\081_class_paramter.csproj", "{2F163AB9-E313-44B3-979B-160FE5681CE2}"
EndProject
Project("{FAE04EC0-301F-11D3-BF4B-00C04F79EFBC}") = "081_class_inheritance_Super", "081_class_inheritance_Super\081_class_inheritance_Super.csproj", "{E262B009-8483-4AFF-A841-662BE334FAF3}"
EndProject
Project("{FAE04EC0-301F-11D3-BF4B-00C04F79EFBC}") = "082_is_AA", "082_is_AA\082_is_AA.csproj", "{836425B5-CC57-4F42-8225-8C11596E9C71}"
EndProject
Project("{FAE04EC0-301F-11D3-BF4B-00C04F79EFBC}") = "083_Override_Super", "083_Override_Super\083_Override_Super.csproj", "{186052AB-DC48-4B32-A277-D4B678CBA769}"
EndProject
Project("{FAE04EC0-301F-11D3-BF4B-00C04F79EFBC}") = "084_override2", "084_override2\084_override2.csproj", "{3252451E-654F-4398-9C4A-9BD124F34A4A}"
EndProject
Project("{FAE04EC0-301F-11D3-BF4B-00C04F79EFBC}") = "085_class_has_a_AA", "085_class_has_a_AA\085_class_has_a_AA.csproj", "{82A48756-318A-44B7-ADAE-5F86FCFF0AAC}"
EndProject
Project("{FAE04EC0-301F-11D3-BF4B-00C04F79EFBC}") = "086_partial_AA", "086_partial_AA\086_partial_AA.csproj", "{93240181-98F2-48A4-A6BB-3F47BEA1B478}"
EndProject
Project("{FAE04EC0-301F-11D3-BF4B-00C04F79EFBC}") = "087_extention", "087_extention\087_extention.csproj", "{D7E82078-512D-4C8E-8968-F670C21CFA87}"
EndProject
Project("{FAE04EC0-301F-11D3-BF4B-00C04F79EFBC}") = "089_Intercase", "089_Intercase\089_Intercase.csproj", "{7E1FFE7A-146F-4DEE-815E-3D84741D08CD}"
EndProject
Project("{FAE04EC0-301F-11D3-BF4B-00C04F79EFBC}") = "CheckPoint04", "CheckPoint04\CheckPoint04.csproj", "{89F0BEDD-A893-4A68-8338-E9DB4A3F917C}"
EndProject
Project("{FAE04EC0-301F-11D3-BF4B-00C04F79EFBC}") = "093_Check", "093_Check\093_Check.csproj", "{1CDE493D-8CFE-42EA-A55C-7B1ECFDBAEC8}"
EndProject
Project("{FAE04EC0-301F-11D3-BF4B-00C04F79EFBC}") = "094_Check", "094_Check\094_Check.csproj", "{0804EB96-F286-4ABF-BB62-B37D0056041E}"
EndProject
Project("{FAE04EC0-301F-11D3-BF4B-00C04F79EFBC}") = "095_ArrayList", "095_ArrayList\095_ArrayList.csproj", "{932A45FE-7507-4BF6-A1F3-01216A068F22}"
EndProject
Project("{FAE04EC0-301F-11D3-BF4B-00C04F79EFBC}") = "096_Queue", "096_Queue\096_Queue.csproj", "{66495F92-60F1-40A1-A4E4-EE18A9578C12}"
EndProject
Project("{FAE04EC0-301F-11D3-BF4B-00C04F79EFBC}") = "097_Stack", "097_Stack\097_Stack.csproj", "{294C0621-9952-48D3-B324-89A782CC4D5F}"
EndProject
Project("{FAE04EC0-301F-11D3-BF4B-00C04F79EFBC}") = "098_Hashtable", "098_Hashtable\098_Hashtable.csproj", "{0740A2AB-DE62-4F86-8C29-C979B7A01834}"
EndProject
Project("{FAE04EC0-301F-11D3-BF4B-00C04F79EFBC}") = "100_Indexer02", "100_Indexer02\100_Indexer02.csproj", "{6080FA1E-6942-461C-B8E7-AD226D086CD4}"
EndProject
Project("{FAE04EC0-301F-11D3-BF4B-00C04F79EFBC}") = "099_Indexor01", "099_Indexor01\099_Indexor01.csproj", "{5997B132-5DDE-4166-AB00-3C2FD5D23A5B}"
EndProject
Global
	GlobalSection(SolutionConfigurationPlatforms) = preSolution
		Debug|Any CPU = Debug|Any CPU
		Release|Any CPU = Release|Any CPU
	EndGlobalSection
	GlobalSection(ProjectConfigurationPlatforms) = postSolution
		{E1E8B29F-6571-4B25-879B-A0DEA921D50E}.Debug|Any CPU.ActiveCfg = Debug|Any CPU
		{E1E8B29F-6571-4B25-879B-A0DEA921D50E}.Debug|Any CPU.Build.0 = Debug|Any CPU
		{E1E8B29F-6571-4B25-879B-A0DEA921D50E}.Release|Any CPU.ActiveCfg = Release|Any CPU
		{E1E8B29F-6571-4B25-879B-A0DEA921D50E}.Release|Any CPU.Build.0 = Release|Any CPU
		{FB501AA9-2A76-46F7-93CC-D2F001028E3C}.Debug|Any CPU.ActiveCfg = Debug|Any CPU
		{FB501AA9-2A76-46F7-93CC-D2F001028E3C}.Debug|Any CPU.Build.0 = Debug|Any CPU
		{FB501AA9-2A76-46F7-93CC-D2F001028E3C}.Release|Any CPU.ActiveCfg = Release|Any CPU
		{FB501AA9-2A76-46F7-93CC-D2F001028E3C}.Release|Any CPU.Build.0 = Release|Any CPU
		{4932CE6A-E93B-43F9-BF2E-61EFCAD8C345}.Debug|Any CPU.ActiveCfg = Debug|Any CPU
		{4932CE6A-E93B-43F9-BF2E-61EFCAD8C345}.Debug|Any CPU.Build.0 = Debug|Any CPU
		{4932CE6A-E93B-43F9-BF2E-61EFCAD8C345}.Release|Any CPU.ActiveCfg = Release|Any CPU
		{4932CE6A-E93B-43F9-BF2E-61EFCAD8C345}.Release|Any CPU.Build.0 = Release|Any CPU
		{B863DC25-2B50-4EFE-B6D0-0D73937C8101}.Debug|Any CPU.ActiveCfg = Debug|Any CPU
		{B863DC25-2B50-4EFE-B6D0-0D73937C8101}.Debug|Any CPU.Build.0 = Debug|Any CPU
		{B863DC25-2B50-4EFE-B6D0-0D73937C8101}.Release|Any CPU.ActiveCfg = Release|Any CPU
		{B863DC25-2B50-4EFE-B6D0-0D73937C8101}.Release|Any CPU.Build.0 = Release|Any CPU
		{73D34646-E2F1-4F08-9390-82447408246F}.Debug|Any CPU.ActiveCfg = Debug|Any CPU
		{73D34646-E2F1-4F08-9390-82447408246F}.Debug|Any CPU.Build.0 = Debug|Any CPU
		{73D34646-E2F1-4F08-9390-82447408246F}.Release|Any CPU.ActiveCfg = Release|Any CPU
		{73D34646-E2F1-4F08-9390-82447408246F}.Release|Any CPU.Build.0 = Release|Any CPU
		{4ADB2F71-4710-42AD-8979-90CF1E5EFFF4}.Debug|Any CPU.ActiveCfg = Debug|Any CPU
		{4ADB2F71-4710-42AD-8979-90CF1E5EFFF4}.Debug|Any CPU.Build.0 = Debug|Any CPU
		{4ADB2F71-4710-42AD-8979-90CF1E5EFFF4}.Release|Any CPU.ActiveCfg = Release|Any CPU
		{4ADB2F71-4710-42AD-8979-90CF1E5EFFF4}.Release|Any CPU.Build.0 = Release|Any CPU
		{9B22B12C-7C0A-409E-A6DD-4DB6B7DBF717}.Debug|Any CPU.ActiveCfg = Debug|Any CPU
		{9B22B12C-7C0A-409E-A6DD-4DB6B7DBF717}.Debug|Any CPU.Build.0 = Debug|Any CPU
		{9B22B12C-7C0A-409E-A6DD-4DB6B7DBF717}.Release|Any CPU.ActiveCfg = Release|Any CPU
		{9B22B12C-7C0A-409E-A6DD-4DB6B7DBF717}.Release|Any CPU.Build.0 = Release|Any CPU
		{6EAC2E98-39C8-437B-BB79-18A384892C84}.Debug|Any CPU.ActiveCfg = Debug|Any CPU
		{6EAC2E98-39C8-437B-BB79-18A384892C84}.Debug|Any CPU.Build.0 = Debug|Any CPU
		{6EAC2E98-39C8-437B-BB79-18A384892C84}.Release|Any CPU.ActiveCfg = Release|Any CPU
		{6EAC2E98-39C8-437B-BB79-18A384892C84}.Release|Any CPU.Build.0 = Release|Any CPU
		{2446657E-F3F6-4C9B-8147-0929AA325E7D}.Debug|Any CPU.ActiveCfg = Debug|Any CPU
		{2446657E-F3F6-4C9B-8147-0929AA325E7D}.Debug|Any CPU.Build.0 = Debug|Any CPU
		{2446657E-F3F6-4C9B-8147-0929AA325E7D}.Release|Any CPU.ActiveCfg = Release|Any CPU
		{2446657E-F3F6-4C9B-8147-0929AA325E7D}.Release|Any CPU.Build.0 = Release|Any CPU
		{C2260939-3950-4F43-92B8-8EFAC59F690A}.Debug|Any CPU.ActiveCfg = Debug|Any CPU
		{C2260939-3950-4F43-92B8-8EFAC59F690A}.Debug|Any CPU.Build.0 = Debug|Any CPU
		{C2260939-3950-4F43-92B8-8EFAC59F690A}.Release|Any CPU.ActiveCfg = Release|Any CPU
		{C2260939-3950-4F43-92B8-8EFAC59F690A}.Release|Any CPU.Build.0 = Release|Any CPU
		{5923AE0D-96E7-4A15-BA54-830568318A67}.Debug|Any CPU.ActiveCfg = Debug|Any CPU
		{5923AE0D-96E7-4A15-BA54-830568318A67}.Debug|Any CPU.Build.0 = Debug|Any CPU
		{5923AE0D-96E7-4A15-BA54-830568318A67}.Release|Any CPU.ActiveCfg = Release|Any CPU
		{5923AE0D-96E7-4A15-BA54-830568318A67}.Release|Any CPU.Build.0 = Release|Any CPU
		{9CAD56A9-E9D9-4113-AF4C-7DEE5405A07D}.Debug|Any CPU.ActiveCfg = Debug|Any CPU
		{9CAD56A9-E9D9-4113-AF4C-7DEE5405A07D}.Debug|Any CPU.Build.0 = Debug|Any CPU
		{9CAD56A9-E9D9-4113-AF4C-7DEE5405A07D}.Release|Any CPU.ActiveCfg = Release|Any CPU
		{9CAD56A9-E9D9-4113-AF4C-7DEE5405A07D}.Release|Any CPU.Build.0 = Release|Any CPU
		{D89A8188-F584-47A9-A751-236F1697C4D3}.Debug|Any CPU.ActiveCfg = Debug|Any CPU
		{D89A8188-F584-47A9-A751-236F1697C4D3}.Debug|Any CPU.Build.0 = Debug|Any CPU
		{D89A8188-F584-47A9-A751-236F1697C4D3}.Release|Any CPU.ActiveCfg = Release|Any CPU
		{D89A8188-F584-47A9-A751-236F1697C4D3}.Release|Any CPU.Build.0 = Release|Any CPU
		{BB2901EF-7E3C-4439-ADE2-0EB5A18219DE}.Debug|Any CPU.ActiveCfg = Debug|Any CPU
		{BB2901EF-7E3C-4439-ADE2-0EB5A18219DE}.Debug|Any CPU.Build.0 = Debug|Any CPU
		{BB2901EF-7E3C-4439-ADE2-0EB5A18219DE}.Release|Any CPU.ActiveCfg = Release|Any CPU
		{BB2901EF-7E3C-4439-ADE2-0EB5A18219DE}.Release|Any CPU.Build.0 = Release|Any CPU
		{6684EB84-4A3F-466C-BD0C-74B7D2003783}.Debug|Any CPU.ActiveCfg = Debug|Any CPU
		{6684EB84-4A3F-466C-BD0C-74B7D2003783}.Debug|Any CPU.Build.0 = Debug|Any CPU
		{6684EB84-4A3F-466C-BD0C-74B7D2003783}.Release|Any CPU.ActiveCfg = Release|Any CPU
		{6684EB84-4A3F-466C-BD0C-74B7D2003783}.Release|Any CPU.Build.0 = Release|Any CPU
		{11B7C4FD-ED14-4CB4-9E27-A12D37A01D63}.Debug|Any CPU.ActiveCfg = Debug|Any CPU
		{11B7C4FD-ED14-4CB4-9E27-A12D37A01D63}.Debug|Any CPU.Build.0 = Debug|Any CPU
		{11B7C4FD-ED14-4CB4-9E27-A12D37A01D63}.Release|Any CPU.ActiveCfg = Release|Any CPU
		{11B7C4FD-ED14-4CB4-9E27-A12D37A01D63}.Release|Any CPU.Build.0 = Release|Any CPU
		{E25FB85D-E2E3-46EA-9338-3B93F8A2680A}.Debug|Any CPU.ActiveCfg = Debug|Any CPU
		{E25FB85D-E2E3-46EA-9338-3B93F8A2680A}.Debug|Any CPU.Build.0 = Debug|Any CPU
		{E25FB85D-E2E3-46EA-9338-3B93F8A2680A}.Release|Any CPU.ActiveCfg = Release|Any CPU
		{E25FB85D-E2E3-46EA-9338-3B93F8A2680A}.Release|Any CPU.Build.0 = Release|Any CPU
		{98337AE7-287F-4BBA-B7D4-4719C7D5C2EA}.Debug|Any CPU.ActiveCfg = Debug|Any CPU
		{98337AE7-287F-4BBA-B7D4-4719C7D5C2EA}.Debug|Any CPU.Build.0 = Debug|Any CPU
		{98337AE7-287F-4BBA-B7D4-4719C7D5C2EA}.Release|Any CPU.ActiveCfg = Release|Any CPU
		{98337AE7-287F-4BBA-B7D4-4719C7D5C2EA}.Release|Any CPU.Build.0 = Release|Any CPU
		{920153CF-3658-4160-AF01-40E342471B93}.Debug|Any CPU.ActiveCfg = Debug|Any CPU
		{920153CF-3658-4160-AF01-40E342471B93}.Debug|Any CPU.Build.0 = Debug|Any CPU
		{920153CF-3658-4160-AF01-40E342471B93}.Release|Any CPU.ActiveCfg = Release|Any CPU
		{920153CF-3658-4160-AF01-40E342471B93}.Release|Any CPU.Build.0 = Release|Any CPU
		{B28742F3-088E-4733-868C-9820B8496425}.Debug|Any CPU.ActiveCfg = Debug|Any CPU
		{B28742F3-088E-4733-868C-9820B8496425}.Debug|Any CPU.Build.0 = Debug|Any CPU
		{B28742F3-088E-4733-868C-9820B8496425}.Release|Any CPU.ActiveCfg = Release|Any CPU
		{B28742F3-088E-4733-868C-9820B8496425}.Release|Any CPU.Build.0 = Release|Any CPU
		{B468D695-8041-42B3-AF44-816BCB887ABF}.Debug|Any CPU.ActiveCfg = Debug|Any CPU
		{B468D695-8041-42B3-AF44-816BCB887ABF}.Debug|Any CPU.Build.0 = Debug|Any CPU
		{B468D695-8041-42B3-AF44-816BCB887ABF}.Release|Any CPU.ActiveCfg = Release|Any CPU
		{B468D695-8041-42B3-AF44-816BCB887ABF}.Release|Any CPU.Build.0 = Release|Any CPU
		{C05A8CAB-A70F-4488-99FE-FFF67D60F84D}.Debug|Any CPU.ActiveCfg = Debug|Any CPU
		{C05A8CAB-A70F-4488-99FE-FFF67D60F84D}.Debug|Any CPU.Build.0 = Debug|Any CPU
		{C05A8CAB-A70F-4488-99FE-FFF67D60F84D}.Release|Any CPU.ActiveCfg = Release|Any CPU
		{C05A8CAB-A70F-4488-99FE-FFF67D60F84D}.Release|Any CPU.Build.0 = Release|Any CPU
		{C1348BCA-CCDE-492F-831B-C8E86CC0EC0C}.Debug|Any CPU.ActiveCfg = Debug|Any CPU
		{C1348BCA-CCDE-492F-831B-C8E86CC0EC0C}.Debug|Any CPU.Build.0 = Debug|Any CPU
		{C1348BCA-CCDE-492F-831B-C8E86CC0EC0C}.Release|Any CPU.ActiveCfg = Release|Any CPU
		{C1348BCA-CCDE-492F-831B-C8E86CC0EC0C}.Release|Any CPU.Build.0 = Release|Any CPU
		{7425C3CA-090A-44F6-9EF0-8E1A6C48B545}.Debug|Any CPU.ActiveCfg = Debug|Any CPU
		{7425C3CA-090A-44F6-9EF0-8E1A6C48B545}.Debug|Any CPU.Build.0 = Debug|Any CPU
		{7425C3CA-090A-44F6-9EF0-8E1A6C48B545}.Release|Any CPU.ActiveCfg = Release|Any CPU
		{7425C3CA-090A-44F6-9EF0-8E1A6C48B545}.Release|Any CPU.Build.0 = Release|Any CPU
		{F82A5829-5B3F-4588-93EA-20106FE4DFFD}.Debug|Any CPU.ActiveCfg = Debug|Any CPU
		{F82A5829-5B3F-4588-93EA-20106FE4DFFD}.Debug|Any CPU.Build.0 = Debug|Any CPU
		{F82A5829-5B3F-4588-93EA-20106FE4DFFD}.Release|Any CPU.ActiveCfg = Release|Any CPU
		{F82A5829-5B3F-4588-93EA-20106FE4DFFD}.Release|Any CPU.Build.0 = Release|Any CPU
		{53EFFC60-78BD-45E0-B814-B5B5CE1D5E5C}.Debug|Any CPU.ActiveCfg = Debug|Any CPU
		{53EFFC60-78BD-45E0-B814-B5B5CE1D5E5C}.Debug|Any CPU.Build.0 = Debug|Any CPU
		{53EFFC60-78BD-45E0-B814-B5B5CE1D5E5C}.Release|Any CPU.ActiveCfg = Release|Any CPU
		{53EFFC60-78BD-45E0-B814-B5B5CE1D5E5C}.Release|Any CPU.Build.0 = Release|Any CPU
		{C2CABB5D-E19E-4F79-838A-55409C04401D}.Debug|Any CPU.ActiveCfg = Debug|Any CPU
		{C2CABB5D-E19E-4F79-838A-55409C04401D}.Debug|Any CPU.Build.0 = Debug|Any CPU
		{C2CABB5D-E19E-4F79-838A-55409C04401D}.Release|Any CPU.ActiveCfg = Release|Any CPU
		{C2CABB5D-E19E-4F79-838A-55409C04401D}.Release|Any CPU.Build.0 = Release|Any CPU
		{F5698CA6-424E-40E4-BF26-D2A85D9C7069}.Debug|Any CPU.ActiveCfg = Debug|Any CPU
		{F5698CA6-424E-40E4-BF26-D2A85D9C7069}.Debug|Any CPU.Build.0 = Debug|Any CPU
		{F5698CA6-424E-40E4-BF26-D2A85D9C7069}.Release|Any CPU.ActiveCfg = Release|Any CPU
		{F5698CA6-424E-40E4-BF26-D2A85D9C7069}.Release|Any CPU.Build.0 = Release|Any CPU
		{8C8F95D3-5464-4022-9944-E607BA5E45F2}.Debug|Any CPU.ActiveCfg = Debug|Any CPU
		{8C8F95D3-5464-4022-9944-E607BA5E45F2}.Debug|Any CPU.Build.0 = Debug|Any CPU
		{8C8F95D3-5464-4022-9944-E607BA5E45F2}.Release|Any CPU.ActiveCfg = Release|Any CPU
		{8C8F95D3-5464-4022-9944-E607BA5E45F2}.Release|Any CPU.Build.0 = Release|Any CPU
		{A2528229-DAAF-494E-AEF7-4AD794856438}.Debug|Any CPU.ActiveCfg = Debug|Any CPU
		{A2528229-DAAF-494E-AEF7-4AD794856438}.Debug|Any CPU.Build.0 = Debug|Any CPU
		{A2528229-DAAF-494E-AEF7-4AD794856438}.Release|Any CPU.ActiveCfg = Release|Any CPU
		{A2528229-DAAF-494E-AEF7-4AD794856438}.Release|Any CPU.Build.0 = Release|Any CPU
		{00ABB174-0C7C-4E36-90B5-A5DEE68E6793}.Debug|Any CPU.ActiveCfg = Debug|Any CPU
		{00ABB174-0C7C-4E36-90B5-A5DEE68E6793}.Debug|Any CPU.Build.0 = Debug|Any CPU
		{00ABB174-0C7C-4E36-90B5-A5DEE68E6793}.Release|Any CPU.ActiveCfg = Release|Any CPU
		{00ABB174-0C7C-4E36-90B5-A5DEE68E6793}.Release|Any CPU.Build.0 = Release|Any CPU
		{5DC177C2-5BE6-49E7-AC91-651DB13975DD}.Debug|Any CPU.ActiveCfg = Debug|Any CPU
		{5DC177C2-5BE6-49E7-AC91-651DB13975DD}.Debug|Any CPU.Build.0 = Debug|Any CPU
		{5DC177C2-5BE6-49E7-AC91-651DB13975DD}.Release|Any CPU.ActiveCfg = Release|Any CPU
		{5DC177C2-5BE6-49E7-AC91-651DB13975DD}.Release|Any CPU.Build.0 = Release|Any CPU
		{27AB10A0-E3C2-4D15-9A18-1B012B18DF87}.Debug|Any CPU.ActiveCfg = Debug|Any CPU
		{27AB10A0-E3C2-4D15-9A18-1B012B18DF87}.Debug|Any CPU.Build.0 = Debug|Any CPU
		{27AB10A0-E3C2-4D15-9A18-1B012B18DF87}.Release|Any CPU.ActiveCfg = Release|Any CPU
		{27AB10A0-E3C2-4D15-9A18-1B012B18DF87}.Release|Any CPU.Build.0 = Release|Any CPU
		{00DE4517-B6C4-4F05-8AA3-469DBAA65CB6}.Debug|Any CPU.ActiveCfg = Debug|Any CPU
		{00DE4517-B6C4-4F05-8AA3-469DBAA65CB6}.Debug|Any CPU.Build.0 = Debug|Any CPU
		{00DE4517-B6C4-4F05-8AA3-469DBAA65CB6}.Release|Any CPU.ActiveCfg = Release|Any CPU
		{00DE4517-B6C4-4F05-8AA3-469DBAA65CB6}.Release|Any CPU.Build.0 = Release|Any CPU
		{FF29BFCE-9E7B-41E6-B532-4114BC6DC471}.Debug|Any CPU.ActiveCfg = Debug|Any CPU
		{FF29BFCE-9E7B-41E6-B532-4114BC6DC471}.Debug|Any CPU.Build.0 = Debug|Any CPU
		{FF29BFCE-9E7B-41E6-B532-4114BC6DC471}.Release|Any CPU.ActiveCfg = Release|Any CPU
		{FF29BFCE-9E7B-41E6-B532-4114BC6DC471}.Release|Any CPU.Build.0 = Release|Any CPU
		{7316A5C3-8705-4943-BC72-16E3286D87DC}.Debug|Any CPU.ActiveCfg = Debug|Any CPU
		{7316A5C3-8705-4943-BC72-16E3286D87DC}.Debug|Any CPU.Build.0 = Debug|Any CPU
		{7316A5C3-8705-4943-BC72-16E3286D87DC}.Release|Any CPU.ActiveCfg = Release|Any CPU
		{7316A5C3-8705-4943-BC72-16E3286D87DC}.Release|Any CPU.Build.0 = Release|Any CPU
		{81983251-84F6-4473-AB7C-1AD5F5B6B4E6}.Debug|Any CPU.ActiveCfg = Debug|Any CPU
		{81983251-84F6-4473-AB7C-1AD5F5B6B4E6}.Debug|Any CPU.Build.0 = Debug|Any CPU
		{81983251-84F6-4473-AB7C-1AD5F5B6B4E6}.Release|Any CPU.ActiveCfg = Release|Any CPU
		{81983251-84F6-4473-AB7C-1AD5F5B6B4E6}.Release|Any CPU.Build.0 = Release|Any CPU
		{BBAFD9CD-C575-497F-B167-41C073A98AE1}.Debug|Any CPU.ActiveCfg = Debug|Any CPU
		{BBAFD9CD-C575-497F-B167-41C073A98AE1}.Debug|Any CPU.Build.0 = Debug|Any CPU
		{BBAFD9CD-C575-497F-B167-41C073A98AE1}.Release|Any CPU.ActiveCfg = Release|Any CPU
		{BBAFD9CD-C575-497F-B167-41C073A98AE1}.Release|Any CPU.Build.0 = Release|Any CPU
		{671B0352-8BB2-4934-AB97-B64C61209967}.Debug|Any CPU.ActiveCfg = Debug|Any CPU
		{671B0352-8BB2-4934-AB97-B64C61209967}.Debug|Any CPU.Build.0 = Debug|Any CPU
		{671B0352-8BB2-4934-AB97-B64C61209967}.Release|Any CPU.ActiveCfg = Release|Any CPU
		{671B0352-8BB2-4934-AB97-B64C61209967}.Release|Any CPU.Build.0 = Release|Any CPU
		{BF3DFCCE-10B0-4A5A-8405-D1D8D277912D}.Debug|Any CPU.ActiveCfg = Debug|Any CPU
		{BF3DFCCE-10B0-4A5A-8405-D1D8D277912D}.Debug|Any CPU.Build.0 = Debug|Any CPU
		{BF3DFCCE-10B0-4A5A-8405-D1D8D277912D}.Release|Any CPU.ActiveCfg = Release|Any CPU
		{BF3DFCCE-10B0-4A5A-8405-D1D8D277912D}.Release|Any CPU.Build.0 = Release|Any CPU
		{2BE94CCF-6A7C-4637-8213-6B27B98EEEC8}.Debug|Any CPU.ActiveCfg = Debug|Any CPU
		{2BE94CCF-6A7C-4637-8213-6B27B98EEEC8}.Debug|Any CPU.Build.0 = Debug|Any CPU
		{2BE94CCF-6A7C-4637-8213-6B27B98EEEC8}.Release|Any CPU.ActiveCfg = Release|Any CPU
		{2BE94CCF-6A7C-4637-8213-6B27B98EEEC8}.Release|Any CPU.Build.0 = Release|Any CPU
		{01C9AC25-7172-4751-A2B5-BAA826B273CF}.Debug|Any CPU.ActiveCfg = Debug|Any CPU
		{01C9AC25-7172-4751-A2B5-BAA826B273CF}.Debug|Any CPU.Build.0 = Debug|Any CPU
		{01C9AC25-7172-4751-A2B5-BAA826B273CF}.Release|Any CPU.ActiveCfg = Release|Any CPU
		{01C9AC25-7172-4751-A2B5-BAA826B273CF}.Release|Any CPU.Build.0 = Release|Any CPU
		{C2EA88EE-C064-403D-B1E5-E103219DE9E8}.Debug|Any CPU.ActiveCfg = Debug|Any CPU
		{C2EA88EE-C064-403D-B1E5-E103219DE9E8}.Debug|Any CPU.Build.0 = Debug|Any CPU
		{C2EA88EE-C064-403D-B1E5-E103219DE9E8}.Release|Any CPU.ActiveCfg = Release|Any CPU
		{C2EA88EE-C064-403D-B1E5-E103219DE9E8}.Release|Any CPU.Build.0 = Release|Any CPU
		{DC8A0545-7733-40E3-99C6-C6F6072B281A}.Debug|Any CPU.ActiveCfg = Debug|Any CPU
		{DC8A0545-7733-40E3-99C6-C6F6072B281A}.Debug|Any CPU.Build.0 = Debug|Any CPU
		{DC8A0545-7733-40E3-99C6-C6F6072B281A}.Release|Any CPU.ActiveCfg = Release|Any CPU
		{DC8A0545-7733-40E3-99C6-C6F6072B281A}.Release|Any CPU.Build.0 = Release|Any CPU
		{363ED77D-1395-4B6F-935C-9B5CBAA0A86E}.Debug|Any CPU.ActiveCfg = Debug|Any CPU
		{363ED77D-1395-4B6F-935C-9B5CBAA0A86E}.Debug|Any CPU.Build.0 = Debug|Any CPU
		{363ED77D-1395-4B6F-935C-9B5CBAA0A86E}.Release|Any CPU.ActiveCfg = Release|Any CPU
		{363ED77D-1395-4B6F-935C-9B5CBAA0A86E}.Release|Any CPU.Build.0 = Release|Any CPU
		{7C7DADA4-35EE-4448-BFE7-B1D6F127B8D0}.Debug|Any CPU.ActiveCfg = Debug|Any CPU
		{7C7DADA4-35EE-4448-BFE7-B1D6F127B8D0}.Debug|Any CPU.Build.0 = Debug|Any CPU
		{7C7DADA4-35EE-4448-BFE7-B1D6F127B8D0}.Release|Any CPU.ActiveCfg = Release|Any CPU
		{7C7DADA4-35EE-4448-BFE7-B1D6F127B8D0}.Release|Any CPU.Build.0 = Release|Any CPU
		{5A7504C6-EB84-4CB7-827C-3259CE806E7C}.Debug|Any CPU.ActiveCfg = Debug|Any CPU
		{5A7504C6-EB84-4CB7-827C-3259CE806E7C}.Debug|Any CPU.Build.0 = Debug|Any CPU
		{5A7504C6-EB84-4CB7-827C-3259CE806E7C}.Release|Any CPU.ActiveCfg = Release|Any CPU
		{5A7504C6-EB84-4CB7-827C-3259CE806E7C}.Release|Any CPU.Build.0 = Release|Any CPU
		{58519367-66BA-47EC-B08F-80FF85C6E41C}.Debug|Any CPU.ActiveCfg = Debug|Any CPU
		{58519367-66BA-47EC-B08F-80FF85C6E41C}.Debug|Any CPU.Build.0 = Debug|Any CPU
		{58519367-66BA-47EC-B08F-80FF85C6E41C}.Release|Any CPU.ActiveCfg = Release|Any CPU
		{58519367-66BA-47EC-B08F-80FF85C6E41C}.Release|Any CPU.Build.0 = Release|Any CPU
		{ECE782D2-4C96-4997-B002-4B665FA4D9CE}.Debug|Any CPU.ActiveCfg = Debug|Any CPU
		{ECE782D2-4C96-4997-B002-4B665FA4D9CE}.Debug|Any CPU.Build.0 = Debug|Any CPU
		{ECE782D2-4C96-4997-B002-4B665FA4D9CE}.Release|Any CPU.ActiveCfg = Release|Any CPU
		{ECE782D2-4C96-4997-B002-4B665FA4D9CE}.Release|Any CPU.Build.0 = Release|Any CPU
		{4CB92CDA-9471-4289-B889-609CD5CDFB99}.Debug|Any CPU.ActiveCfg = Debug|Any CPU
		{4CB92CDA-9471-4289-B889-609CD5CDFB99}.Debug|Any CPU.Build.0 = Debug|Any CPU
		{4CB92CDA-9471-4289-B889-609CD5CDFB99}.Release|Any CPU.ActiveCfg = Release|Any CPU
		{4CB92CDA-9471-4289-B889-609CD5CDFB99}.Release|Any CPU.Build.0 = Release|Any CPU
		{D9265339-6FB1-4AE2-96AF-6FDB4D1E12B7}.Debug|Any CPU.ActiveCfg = Debug|Any CPU
		{D9265339-6FB1-4AE2-96AF-6FDB4D1E12B7}.Debug|Any CPU.Build.0 = Debug|Any CPU
		{D9265339-6FB1-4AE2-96AF-6FDB4D1E12B7}.Release|Any CPU.ActiveCfg = Release|Any CPU
		{D9265339-6FB1-4AE2-96AF-6FDB4D1E12B7}.Release|Any CPU.Build.0 = Release|Any CPU
		{39EE0E4B-D180-40F7-A817-A48E2BE6367C}.Debug|Any CPU.ActiveCfg = Debug|Any CPU
		{39EE0E4B-D180-40F7-A817-A48E2BE6367C}.Debug|Any CPU.Build.0 = Debug|Any CPU
		{39EE0E4B-D180-40F7-A817-A48E2BE6367C}.Release|Any CPU.ActiveCfg = Release|Any CPU
		{39EE0E4B-D180-40F7-A817-A48E2BE6367C}.Release|Any CPU.Build.0 = Release|Any CPU
		{A7FF2338-EB86-4184-B49D-10A8052CC90A}.Debug|Any CPU.ActiveCfg = Debug|Any CPU
		{A7FF2338-EB86-4184-B49D-10A8052CC90A}.Debug|Any CPU.Build.0 = Debug|Any CPU
		{A7FF2338-EB86-4184-B49D-10A8052CC90A}.Release|Any CPU.ActiveCfg = Release|Any CPU
		{A7FF2338-EB86-4184-B49D-10A8052CC90A}.Release|Any CPU.Build.0 = Release|Any CPU
		{B4FFD495-BA18-4579-BD7C-CFF518D0A93B}.Debug|Any CPU.ActiveCfg = Debug|Any CPU
		{B4FFD495-BA18-4579-BD7C-CFF518D0A93B}.Debug|Any CPU.Build.0 = Debug|Any CPU
		{B4FFD495-BA18-4579-BD7C-CFF518D0A93B}.Release|Any CPU.ActiveCfg = Release|Any CPU
		{B4FFD495-BA18-4579-BD7C-CFF518D0A93B}.Release|Any CPU.Build.0 = Release|Any CPU
		{C347D172-52DD-4C42-B22C-07F8AEF5B5DB}.Debug|Any CPU.ActiveCfg = Debug|Any CPU
		{C347D172-52DD-4C42-B22C-07F8AEF5B5DB}.Debug|Any CPU.Build.0 = Debug|Any CPU
		{C347D172-52DD-4C42-B22C-07F8AEF5B5DB}.Release|Any CPU.ActiveCfg = Release|Any CPU
		{C347D172-52DD-4C42-B22C-07F8AEF5B5DB}.Release|Any CPU.Build.0 = Release|Any CPU
		{2DB81118-F81E-4A1D-B7D7-8EB785B0D2AA}.Debug|Any CPU.ActiveCfg = Debug|Any CPU
		{2DB81118-F81E-4A1D-B7D7-8EB785B0D2AA}.Debug|Any CPU.Build.0 = Debug|Any CPU
		{2DB81118-F81E-4A1D-B7D7-8EB785B0D2AA}.Release|Any CPU.ActiveCfg = Release|Any CPU
		{2DB81118-F81E-4A1D-B7D7-8EB785B0D2AA}.Release|Any CPU.Build.0 = Release|Any CPU
		{D94414A8-E730-4D8B-982C-F0B4B34F422D}.Debug|Any CPU.ActiveCfg = Debug|Any CPU
		{D94414A8-E730-4D8B-982C-F0B4B34F422D}.Debug|Any CPU.Build.0 = Debug|Any CPU
		{D94414A8-E730-4D8B-982C-F0B4B34F422D}.Release|Any CPU.ActiveCfg = Release|Any CPU
		{D94414A8-E730-4D8B-982C-F0B4B34F422D}.Release|Any CPU.Build.0 = Release|Any CPU
		{8C8F621F-DA5E-4A23-9B8F-61B3071CCD89}.Debug|Any CPU.ActiveCfg = Debug|Any CPU
		{8C8F621F-DA5E-4A23-9B8F-61B3071CCD89}.Debug|Any CPU.Build.0 = Debug|Any CPU
		{8C8F621F-DA5E-4A23-9B8F-61B3071CCD89}.Release|Any CPU.ActiveCfg = Release|Any CPU
		{8C8F621F-DA5E-4A23-9B8F-61B3071CCD89}.Release|Any CPU.Build.0 = Release|Any CPU
		{0F03E584-007A-4020-845D-584DF1DFB000}.Debug|Any CPU.ActiveCfg = Debug|Any CPU
		{0F03E584-007A-4020-845D-584DF1DFB000}.Debug|Any CPU.Build.0 = Debug|Any CPU
		{0F03E584-007A-4020-845D-584DF1DFB000}.Release|Any CPU.ActiveCfg = Release|Any CPU
		{0F03E584-007A-4020-845D-584DF1DFB000}.Release|Any CPU.Build.0 = Release|Any CPU
		{AF0337F4-FCC3-420E-8641-E1797FBE6ABB}.Debug|Any CPU.ActiveCfg = Debug|Any CPU
		{AF0337F4-FCC3-420E-8641-E1797FBE6ABB}.Debug|Any CPU.Build.0 = Debug|Any CPU
		{AF0337F4-FCC3-420E-8641-E1797FBE6ABB}.Release|Any CPU.ActiveCfg = Release|Any CPU
		{AF0337F4-FCC3-420E-8641-E1797FBE6ABB}.Release|Any CPU.Build.0 = Release|Any CPU
		{2B70D830-5A3C-4B58-8857-B91ADDE76BF1}.Debug|Any CPU.ActiveCfg = Debug|Any CPU
		{2B70D830-5A3C-4B58-8857-B91ADDE76BF1}.Debug|Any CPU.Build.0 = Debug|Any CPU
		{2B70D830-5A3C-4B58-8857-B91ADDE76BF1}.Release|Any CPU.ActiveCfg = Release|Any CPU
		{2B70D830-5A3C-4B58-8857-B91ADDE76BF1}.Release|Any CPU.Build.0 = Release|Any CPU
		{D905CE77-1AFF-4AFC-BE41-29743A6EA465}.Debug|Any CPU.ActiveCfg = Debug|Any CPU
		{D905CE77-1AFF-4AFC-BE41-29743A6EA465}.Debug|Any CPU.Build.0 = Debug|Any CPU
		{D905CE77-1AFF-4AFC-BE41-29743A6EA465}.Release|Any CPU.ActiveCfg = Release|Any CPU
		{D905CE77-1AFF-4AFC-BE41-29743A6EA465}.Release|Any CPU.Build.0 = Release|Any CPU
		{E8BBD4CD-EF43-4D6D-B75F-044B34C47AB7}.Debug|Any CPU.ActiveCfg = Debug|Any CPU
		{E8BBD4CD-EF43-4D6D-B75F-044B34C47AB7}.Debug|Any CPU.Build.0 = Debug|Any CPU
		{E8BBD4CD-EF43-4D6D-B75F-044B34C47AB7}.Release|Any CPU.ActiveCfg = Release|Any CPU
		{E8BBD4CD-EF43-4D6D-B75F-044B34C47AB7}.Release|Any CPU.Build.0 = Release|Any CPU
		{687E1D8E-C85F-4766-816E-44931434957F}.Debug|Any CPU.ActiveCfg = Debug|Any CPU
		{687E1D8E-C85F-4766-816E-44931434957F}.Debug|Any CPU.Build.0 = Debug|Any CPU
		{687E1D8E-C85F-4766-816E-44931434957F}.Release|Any CPU.ActiveCfg = Release|Any CPU
		{687E1D8E-C85F-4766-816E-44931434957F}.Release|Any CPU.Build.0 = Release|Any CPU
		{F246D23B-E170-4D4C-A7C7-5A3649A98C00}.Debug|Any CPU.ActiveCfg = Debug|Any CPU
		{F246D23B-E170-4D4C-A7C7-5A3649A98C00}.Debug|Any CPU.Build.0 = Debug|Any CPU
		{F246D23B-E170-4D4C-A7C7-5A3649A98C00}.Release|Any CPU.ActiveCfg = Release|Any CPU
		{F246D23B-E170-4D4C-A7C7-5A3649A98C00}.Release|Any CPU.Build.0 = Release|Any CPU
		{0D4C7837-2BE9-4427-B412-CA86741797E4}.Debug|Any CPU.ActiveCfg = Debug|Any CPU
		{0D4C7837-2BE9-4427-B412-CA86741797E4}.Debug|Any CPU.Build.0 = Debug|Any CPU
		{0D4C7837-2BE9-4427-B412-CA86741797E4}.Release|Any CPU.ActiveCfg = Release|Any CPU
		{0D4C7837-2BE9-4427-B412-CA86741797E4}.Release|Any CPU.Build.0 = Release|Any CPU
		{99E3D72F-C19C-4CD0-A250-91E07D616DFF}.Debug|Any CPU.ActiveCfg = Debug|Any CPU
		{99E3D72F-C19C-4CD0-A250-91E07D616DFF}.Debug|Any CPU.Build.0 = Debug|Any CPU
		{99E3D72F-C19C-4CD0-A250-91E07D616DFF}.Release|Any CPU.ActiveCfg = Release|Any CPU
		{99E3D72F-C19C-4CD0-A250-91E07D616DFF}.Release|Any CPU.Build.0 = Release|Any CPU
		{8CDF17BA-D5FC-4AEB-BA43-8F6349DCDA8F}.Debug|Any CPU.ActiveCfg = Debug|Any CPU
		{8CDF17BA-D5FC-4AEB-BA43-8F6349DCDA8F}.Debug|Any CPU.Build.0 = Debug|Any CPU
		{8CDF17BA-D5FC-4AEB-BA43-8F6349DCDA8F}.Release|Any CPU.ActiveCfg = Release|Any CPU
		{8CDF17BA-D5FC-4AEB-BA43-8F6349DCDA8F}.Release|Any CPU.Build.0 = Release|Any CPU
		{1C14F088-F7DD-494F-B10F-51C0C017D016}.Debug|Any CPU.ActiveCfg = Debug|Any CPU
		{1C14F088-F7DD-494F-B10F-51C0C017D016}.Debug|Any CPU.Build.0 = Debug|Any CPU
		{1C14F088-F7DD-494F-B10F-51C0C017D016}.Release|Any CPU.ActiveCfg = Release|Any CPU
		{1C14F088-F7DD-494F-B10F-51C0C017D016}.Release|Any CPU.Build.0 = Release|Any CPU
		{E94536B2-830E-4BD9-9035-FB8C21DA3A0E}.Debug|Any CPU.ActiveCfg = Debug|Any CPU
		{E94536B2-830E-4BD9-9035-FB8C21DA3A0E}.Debug|Any CPU.Build.0 = Debug|Any CPU
		{E94536B2-830E-4BD9-9035-FB8C21DA3A0E}.Release|Any CPU.ActiveCfg = Release|Any CPU
		{E94536B2-830E-4BD9-9035-FB8C21DA3A0E}.Release|Any CPU.Build.0 = Release|Any CPU
		{2F163AB9-E313-44B3-979B-160FE5681CE2}.Debug|Any CPU.ActiveCfg = Debug|Any CPU
		{2F163AB9-E313-44B3-979B-160FE5681CE2}.Debug|Any CPU.Build.0 = Debug|Any CPU
		{2F163AB9-E313-44B3-979B-160FE5681CE2}.Release|Any CPU.ActiveCfg = Release|Any CPU
		{2F163AB9-E313-44B3-979B-160FE5681CE2}.Release|Any CPU.Build.0 = Release|Any CPU
		{E262B009-8483-4AFF-A841-662BE334FAF3}.Debug|Any CPU.ActiveCfg = Debug|Any CPU
		{E262B009-8483-4AFF-A841-662BE334FAF3}.Debug|Any CPU.Build.0 = Debug|Any CPU
		{E262B009-8483-4AFF-A841-662BE334FAF3}.Release|Any CPU.ActiveCfg = Release|Any CPU
		{E262B009-8483-4AFF-A841-662BE334FAF3}.Release|Any CPU.Build.0 = Release|Any CPU
		{836425B5-CC57-4F42-8225-8C11596E9C71}.Debug|Any CPU.ActiveCfg = Debug|Any CPU
		{836425B5-CC57-4F42-8225-8C11596E9C71}.Debug|Any CPU.Build.0 = Debug|Any CPU
		{836425B5-CC57-4F42-8225-8C11596E9C71}.Release|Any CPU.ActiveCfg = Release|Any CPU
		{836425B5-CC57-4F42-8225-8C11596E9C71}.Release|Any CPU.Build.0 = Release|Any CPU
		{186052AB-DC48-4B32-A277-D4B678CBA769}.Debug|Any CPU.ActiveCfg = Debug|Any CPU
		{186052AB-DC48-4B32-A277-D4B678CBA769}.Debug|Any CPU.Build.0 = Debug|Any CPU
		{186052AB-DC48-4B32-A277-D4B678CBA769}.Release|Any CPU.ActiveCfg = Release|Any CPU
		{186052AB-DC48-4B32-A277-D4B678CBA769}.Release|Any CPU.Build.0 = Release|Any CPU
		{3252451E-654F-4398-9C4A-9BD124F34A4A}.Debug|Any CPU.ActiveCfg = Debug|Any CPU
		{3252451E-654F-4398-9C4A-9BD124F34A4A}.Debug|Any CPU.Build.0 = Debug|Any CPU
		{3252451E-654F-4398-9C4A-9BD124F34A4A}.Release|Any CPU.ActiveCfg = Release|Any CPU
		{3252451E-654F-4398-9C4A-9BD124F34A4A}.Release|Any CPU.Build.0 = Release|Any CPU
		{82A48756-318A-44B7-ADAE-5F86FCFF0AAC}.Debug|Any CPU.ActiveCfg = Debug|Any CPU
		{82A48756-318A-44B7-ADAE-5F86FCFF0AAC}.Debug|Any CPU.Build.0 = Debug|Any CPU
		{82A48756-318A-44B7-ADAE-5F86FCFF0AAC}.Release|Any CPU.ActiveCfg = Release|Any CPU
		{82A48756-318A-44B7-ADAE-5F86FCFF0AAC}.Release|Any CPU.Build.0 = Release|Any CPU
		{93240181-98F2-48A4-A6BB-3F47BEA1B478}.Debug|Any CPU.ActiveCfg = Debug|Any CPU
		{93240181-98F2-48A4-A6BB-3F47BEA1B478}.Debug|Any CPU.Build.0 = Debug|Any CPU
		{93240181-98F2-48A4-A6BB-3F47BEA1B478}.Release|Any CPU.ActiveCfg = Release|Any CPU
		{93240181-98F2-48A4-A6BB-3F47BEA1B478}.Release|Any CPU.Build.0 = Release|Any CPU
		{D7E82078-512D-4C8E-8968-F670C21CFA87}.Debug|Any CPU.ActiveCfg = Debug|Any CPU
		{D7E82078-512D-4C8E-8968-F670C21CFA87}.Debug|Any CPU.Build.0 = Debug|Any CPU
		{D7E82078-512D-4C8E-8968-F670C21CFA87}.Release|Any CPU.ActiveCfg = Release|Any CPU
		{D7E82078-512D-4C8E-8968-F670C21CFA87}.Release|Any CPU.Build.0 = Release|Any CPU
		{7E1FFE7A-146F-4DEE-815E-3D84741D08CD}.Debug|Any CPU.ActiveCfg = Debug|Any CPU
		{7E1FFE7A-146F-4DEE-815E-3D84741D08CD}.Debug|Any CPU.Build.0 = Debug|Any CPU
		{7E1FFE7A-146F-4DEE-815E-3D84741D08CD}.Release|Any CPU.ActiveCfg = Release|Any CPU
		{7E1FFE7A-146F-4DEE-815E-3D84741D08CD}.Release|Any CPU.Build.0 = Release|Any CPU
		{89F0BEDD-A893-4A68-8338-E9DB4A3F917C}.Debug|Any CPU.ActiveCfg = Debug|Any CPU
		{89F0BEDD-A893-4A68-8338-E9DB4A3F917C}.Debug|Any CPU.Build.0 = Debug|Any CPU
		{89F0BEDD-A893-4A68-8338-E9DB4A3F917C}.Release|Any CPU.ActiveCfg = Release|Any CPU
		{89F0BEDD-A893-4A68-8338-E9DB4A3F917C}.Release|Any CPU.Build.0 = Release|Any CPU
		{1CDE493D-8CFE-42EA-A55C-7B1ECFDBAEC8}.Debug|Any CPU.ActiveCfg = Debug|Any CPU
		{1CDE493D-8CFE-42EA-A55C-7B1ECFDBAEC8}.Debug|Any CPU.Build.0 = Debug|Any CPU
		{1CDE493D-8CFE-42EA-A55C-7B1ECFDBAEC8}.Release|Any CPU.ActiveCfg = Release|Any CPU
		{1CDE493D-8CFE-42EA-A55C-7B1ECFDBAEC8}.Release|Any CPU.Build.0 = Release|Any CPU
		{0804EB96-F286-4ABF-BB62-B37D0056041E}.Debug|Any CPU.ActiveCfg = Debug|Any CPU
		{0804EB96-F286-4ABF-BB62-B37D0056041E}.Debug|Any CPU.Build.0 = Debug|Any CPU
		{0804EB96-F286-4ABF-BB62-B37D0056041E}.Release|Any CPU.ActiveCfg = Release|Any CPU
		{0804EB96-F286-4ABF-BB62-B37D0056041E}.Release|Any CPU.Build.0 = Release|Any CPU
		{932A45FE-7507-4BF6-A1F3-01216A068F22}.Debug|Any CPU.ActiveCfg = Debug|Any CPU
		{932A45FE-7507-4BF6-A1F3-01216A068F22}.Debug|Any CPU.Build.0 = Debug|Any CPU
		{932A45FE-7507-4BF6-A1F3-01216A068F22}.Release|Any CPU.ActiveCfg = Release|Any CPU
		{932A45FE-7507-4BF6-A1F3-01216A068F22}.Release|Any CPU.Build.0 = Release|Any CPU
		{66495F92-60F1-40A1-A4E4-EE18A9578C12}.Debug|Any CPU.ActiveCfg = Debug|Any CPU
		{66495F92-60F1-40A1-A4E4-EE18A9578C12}.Debug|Any CPU.Build.0 = Debug|Any CPU
		{66495F92-60F1-40A1-A4E4-EE18A9578C12}.Release|Any CPU.ActiveCfg = Release|Any CPU
		{66495F92-60F1-40A1-A4E4-EE18A9578C12}.Release|Any CPU.Build.0 = Release|Any CPU
		{294C0621-9952-48D3-B324-89A782CC4D5F}.Debug|Any CPU.ActiveCfg = Debug|Any CPU
		{294C0621-9952-48D3-B324-89A782CC4D5F}.Debug|Any CPU.Build.0 = Debug|Any CPU
		{294C0621-9952-48D3-B324-89A782CC4D5F}.Release|Any CPU.ActiveCfg = Release|Any CPU
		{294C0621-9952-48D3-B324-89A782CC4D5F}.Release|Any CPU.Build.0 = Release|Any CPU
		{0740A2AB-DE62-4F86-8C29-C979B7A01834}.Debug|Any CPU.ActiveCfg = Debug|Any CPU
		{0740A2AB-DE62-4F86-8C29-C979B7A01834}.Debug|Any CPU.Build.0 = Debug|Any CPU
		{0740A2AB-DE62-4F86-8C29-C979B7A01834}.Release|Any CPU.ActiveCfg = Release|Any CPU
		{0740A2AB-DE62-4F86-8C29-C979B7A01834}.Release|Any CPU.Build.0 = Release|Any CPU
		{6080FA1E-6942-461C-B8E7-AD226D086CD4}.Debug|Any CPU.ActiveCfg = Debug|Any CPU
		{6080FA1E-6942-461C-B8E7-AD226D086CD4}.Debug|Any CPU.Build.0 = Debug|Any CPU
		{6080FA1E-6942-461C-B8E7-AD226D086CD4}.Release|Any CPU.ActiveCfg = Release|Any CPU
		{6080FA1E-6942-461C-B8E7-AD226D086CD4}.Release|Any CPU.Build.0 = Release|Any CPU
		{5997B132-5DDE-4166-AB00-3C2FD5D23A5B}.Debug|Any CPU.ActiveCfg = Debug|Any CPU
		{5997B132-5DDE-4166-AB00-3C2FD5D23A5B}.Debug|Any CPU.Build.0 = Debug|Any CPU
		{5997B132-5DDE-4166-AB00-3C2FD5D23A5B}.Release|Any CPU.ActiveCfg = Release|Any CPU
		{5997B132-5DDE-4166-AB00-3C2FD5D23A5B}.Release|Any CPU.Build.0 = Release|Any CPU
	EndGlobalSection
	GlobalSection(SolutionProperties) = preSolution
		HideSolutionNode = FALSE
	EndGlobalSection
	GlobalSection(ExtensibilityGlobals) = postSolution
		SolutionGuid = {11EAC35B-1EBA-41CA-8C2B-63DF3308C79A}
	EndGlobalSection
EndGlobal
